// !$*UTF8*$!
{
	archiveVersion = 1;
	classes = {
	};
	objectVersion = 56;
	objects = {

/* Begin PBXBuildFile section */
		186C959829BDEF8B0071BFA4 /* AppDelegate.swift in Sources */ = {isa = PBXBuildFile; fileRef = 186C959729BDEF8B0071BFA4 /* AppDelegate.swift */; };
		186C959A29BDEF8B0071BFA4 /* SceneDelegate.swift in Sources */ = {isa = PBXBuildFile; fileRef = 186C959929BDEF8B0071BFA4 /* SceneDelegate.swift */; };
		186C959C29BDEF8B0071BFA4 /* ViewController.swift in Sources */ = {isa = PBXBuildFile; fileRef = 186C959B29BDEF8B0071BFA4 /* ViewController.swift */; };
		186C959F29BDEF8B0071BFA4 /* Main.storyboard in Resources */ = {isa = PBXBuildFile; fileRef = 186C959D29BDEF8B0071BFA4 /* Main.storyboard */; };
		186C95A129BDEF8C0071BFA4 /* Assets.xcassets in Resources */ = {isa = PBXBuildFile; fileRef = 186C95A029BDEF8C0071BFA4 /* Assets.xcassets */; };
		186C95A429BDEF8C0071BFA4 /* LaunchScreen.storyboard in Resources */ = {isa = PBXBuildFile; fileRef = 186C95A229BDEF8C0071BFA4 /* LaunchScreen.storyboard */; };
		186C95AF29BDEF8C0071BFA4 /* testGitTests.swift in Sources */ = {isa = PBXBuildFile; fileRef = 186C95AE29BDEF8C0071BFA4 /* testGitTests.swift */; };
		186C95B929BDEF8C0071BFA4 /* testGitUITests.swift in Sources */ = {isa = PBXBuildFile; fileRef = 186C95B829BDEF8C0071BFA4 /* testGitUITests.swift */; };
		186C95BB29BDEF8C0071BFA4 /* testGitUITestsLaunchTests.swift in Sources */ = {isa = PBXBuildFile; fileRef = 186C95BA29BDEF8C0071BFA4 /* testGitUITestsLaunchTests.swift */; };
/* End PBXBuildFile section */

/* Begin PBXContainerItemProxy section */
		186C95AB29BDEF8C0071BFA4 /* PBXContainerItemProxy */ = {
			isa = PBXContainerItemProxy;
			containerPortal = 186C958C29BDEF8B0071BFA4 /* Project object */;
			proxyType = 1;
			remoteGlobalIDString = 186C959329BDEF8B0071BFA4;
			remoteInfo = testGit;
		};
		186C95B529BDEF8C0071BFA4 /* PBXContainerItemProxy */ = {
			isa = PBXContainerItemProxy;
			containerPortal = 186C958C29BDEF8B0071BFA4 /* Project object */;
			proxyType = 1;
			remoteGlobalIDString = 186C959329BDEF8B0071BFA4;
			remoteInfo = testGit;
		};
/* End PBXContainerItemProxy section */

/* Begin PBXFileReference section */
		186C959429BDEF8B0071BFA4 /* testGit.app */ = {isa = PBXFileReference; explicitFileType = wrapper.application; includeInIndex = 0; path = testGit.app; sourceTree = BUILT_PRODUCTS_DIR; };
		186C959729BDEF8B0071BFA4 /* AppDelegate.swift */ = {isa = PBXFileReference; lastKnownFileType = sourcecode.swift; path = AppDelegate.swift; sourceTree = "<group>"; };
		186C959929BDEF8B0071BFA4 /* SceneDelegate.swift */ = {isa = PBXFileReference; lastKnownFileType = sourcecode.swift; path = SceneDelegate.swift; sourceTree = "<group>"; };
		186C959B29BDEF8B0071BFA4 /* ViewController.swift */ = {isa = PBXFileReference; lastKnownFileType = sourcecode.swift; path = ViewController.swift; sourceTree = "<group>"; };
		186C959E29BDEF8B0071BFA4 /* Base */ = {isa = PBXFileReference; lastKnownFileType = file.storyboard; name = Base; path = Base.lproj/Main.storyboard; sourceTree = "<group>"; };
		186C95A029BDEF8C0071BFA4 /* Assets.xcassets */ = {isa = PBXFileReference; lastKnownFileType = folder.assetcatalog; path = Assets.xcassets; sourceTree = "<group>"; };
		186C95A329BDEF8C0071BFA4 /* Base */ = {isa = PBXFileReference; lastKnownFileType = file.storyboard; name = Base; path = Base.lproj/LaunchScreen.storyboard; sourceTree = "<group>"; };
		186C95A529BDEF8C0071BFA4 /* Info.plist */ = {isa = PBXFileReference; lastKnownFileType = text.plist.xml; path = Info.plist; sourceTree = "<group>"; };
		186C95AA29BDEF8C0071BFA4 /* testGitTests.xctest */ = {isa = PBXFileReference; explicitFileType = wrapper.cfbundle; includeInIndex = 0; path = testGitTests.xctest; sourceTree = BUILT_PRODUCTS_DIR; };
		186C95AE29BDEF8C0071BFA4 /* testGitTests.swift */ = {isa = PBXFileReference; lastKnownFileType = sourcecode.swift; path = testGitTests.swift; sourceTree = "<group>"; };
		186C95B429BDEF8C0071BFA4 /* testGitUITests.xctest */ = {isa = PBXFileReference; explicitFileType = wrapper.cfbundle; includeInIndex = 0; path = testGitUITests.xctest; sourceTree = BUILT_PRODUCTS_DIR; };
		186C95B829BDEF8C0071BFA4 /* testGitUITests.swift */ = {isa = PBXFileReference; lastKnownFileType = sourcecode.swift; path = testGitUITests.swift; sourceTree = "<group>"; };
		186C95BA29BDEF8C0071BFA4 /* testGitUITestsLaunchTests.swift */ = {isa = PBXFileReference; lastKnownFileType = sourcecode.swift; path = testGitUITestsLaunchTests.swift; sourceTree = "<group>"; };
/* End PBXFileReference section */

/* Begin PBXFrameworksBuildPhase section */
		186C959129BDEF8B0071BFA4 /* Frameworks */ = {
			isa = PBXFrameworksBuildPhase;
			buildActionMask = 2147483647;
			files = (
			);
			runOnlyForDeploymentPostprocessing = 0;
		};
		186C95A729BDEF8C0071BFA4 /* Frameworks */ = {
			isa = PBXFrameworksBuildPhase;
			buildActionMask = 2147483647;
			files = (
			);
			runOnlyForDeploymentPostprocessing = 0;
		};
		186C95B129BDEF8C0071BFA4 /* Frameworks */ = {
			isa = PBXFrameworksBuildPhase;
			buildActionMask = 2147483647;
			files = (
			);
			runOnlyForDeploymentPostprocessing = 0;
		};
/* End PBXFrameworksBuildPhase section */

/* Begin PBXGroup section */
		186C958B29BDEF8B0071BFA4 = {
			isa = PBXGroup;
			children = (
				186C959629BDEF8B0071BFA4 /* testGit */,
				186C95AD29BDEF8C0071BFA4 /* testGitTests */,
				186C95B729BDEF8C0071BFA4 /* testGitUITests */,
				186C959529BDEF8B0071BFA4 /* Products */,
			);
			sourceTree = "<group>";
		};
		186C959529BDEF8B0071BFA4 /* Products */ = {
			isa = PBXGroup;
			children = (
				186C959429BDEF8B0071BFA4 /* testGit.app */,
				186C95AA29BDEF8C0071BFA4 /* testGitTests.xctest */,
				186C95B429BDEF8C0071BFA4 /* testGitUITests.xctest */,
			);
			name = Products;
			sourceTree = "<group>";
		};
		186C959629BDEF8B0071BFA4 /* testGit */ = {
			isa = PBXGroup;
			children = (
				186C959729BDEF8B0071BFA4 /* AppDelegate.swift */,
				186C959929BDEF8B0071BFA4 /* SceneDelegate.swift */,
				186C959B29BDEF8B0071BFA4 /* ViewController.swift */,
				186C959D29BDEF8B0071BFA4 /* Main.storyboard */,
				186C95A029BDEF8C0071BFA4 /* Assets.xcassets */,
				186C95A229BDEF8C0071BFA4 /* LaunchScreen.storyboard */,
				186C95A529BDEF8C0071BFA4 /* Info.plist */,
			);
			path = testGit;
			sourceTree = "<group>";
		};
		186C95AD29BDEF8C0071BFA4 /* testGitTests */ = {
			isa = PBXGroup;
			children = (
				186C95AE29BDEF8C0071BFA4 /* testGitTests.swift */,
			);
			path = testGitTests;
			sourceTree = "<group>";
		};
		186C95B729BDEF8C0071BFA4 /* testGitUITests */ = {
			isa = PBXGroup;
			children = (
				186C95B829BDEF8C0071BFA4 /* testGitUITests.swift */,
				186C95BA29BDEF8C0071BFA4 /* testGitUITestsLaunchTests.swift */,
			);
			path = testGitUITests;
			sourceTree = "<group>";
		};
/* End PBXGroup section */

/* Begin PBXNativeTarget section */
		186C959329BDEF8B0071BFA4 /* testGit */ = {
			isa = PBXNativeTarget;
			buildConfigurationList = 186C95BE29BDEF8C0071BFA4 /* Build configuration list for PBXNativeTarget "testGit" */;
			buildPhases = (
				186C959029BDEF8B0071BFA4 /* Sources */,
				186C959129BDEF8B0071BFA4 /* Frameworks */,
				186C959229BDEF8B0071BFA4 /* Resources */,
			);
			buildRules = (
			);
			dependencies = (
			);
			name = testGit;
			productName = testGit;
			productReference = 186C959429BDEF8B0071BFA4 /* testGit.app */;
			productType = "com.apple.product-type.application";
		};
		186C95A929BDEF8C0071BFA4 /* testGitTests */ = {
			isa = PBXNativeTarget;
			buildConfigurationList = 186C95C129BDEF8C0071BFA4 /* Build configuration list for PBXNativeTarget "testGitTests" */;
			buildPhases = (
				186C95A629BDEF8C0071BFA4 /* Sources */,
				186C95A729BDEF8C0071BFA4 /* Frameworks */,
				186C95A829BDEF8C0071BFA4 /* Resources */,
			);
			buildRules = (
			);
			dependencies = (
				186C95AC29BDEF8C0071BFA4 /* PBXTargetDependency */,
			);
			name = testGitTests;
			productName = testGitTests;
			productReference = 186C95AA29BDEF8C0071BFA4 /* testGitTests.xctest */;
			productType = "com.apple.product-type.bundle.unit-test";
		};
		186C95B329BDEF8C0071BFA4 /* testGitUITests */ = {
			isa = PBXNativeTarget;
			buildConfigurationList = 186C95C429BDEF8C0071BFA4 /* Build configuration list for PBXNativeTarget "testGitUITests" */;
			buildPhases = (
				186C95B029BDEF8C0071BFA4 /* Sources */,
				186C95B129BDEF8C0071BFA4 /* Frameworks */,
				186C95B229BDEF8C0071BFA4 /* Resources */,
			);
			buildRules = (
			);
			dependencies = (
				186C95B629BDEF8C0071BFA4 /* PBXTargetDependency */,
			);
			name = testGitUITests;
			productName = testGitUITests;
			productReference = 186C95B429BDEF8C0071BFA4 /* testGitUITests.xctest */;
			productType = "com.apple.product-type.bundle.ui-testing";
		};
/* End PBXNativeTarget section */

/* Begin PBXProject section */
		186C958C29BDEF8B0071BFA4 /* Project object */ = {
			isa = PBXProject;
			attributes = {
				BuildIndependentTargetsInParallel = 1;
				LastSwiftUpdateCheck = 1420;
				LastUpgradeCheck = 1420;
				TargetAttributes = {
					186C959329BDEF8B0071BFA4 = {
						CreatedOnToolsVersion = 14.2;
					};
					186C95A929BDEF8C0071BFA4 = {
						CreatedOnToolsVersion = 14.2;
						TestTargetID = 186C959329BDEF8B0071BFA4;
					};
					186C95B329BDEF8C0071BFA4 = {
						CreatedOnToolsVersion = 14.2;
						TestTargetID = 186C959329BDEF8B0071BFA4;
					};
				};
			};
			buildConfigurationList = 186C958F29BDEF8B0071BFA4 /* Build configuration list for PBXProject "testGit" */;
			compatibilityVersion = "Xcode 14.0";
			developmentRegion = en;
			hasScannedForEncodings = 0;
			knownRegions = (
				en,
				Base,
			);
			mainGroup = 186C958B29BDEF8B0071BFA4;
			productRefGroup = 186C959529BDEF8B0071BFA4 /* Products */;
			projectDirPath = "";
			projectRoot = "";
			targets = (
				186C959329BDEF8B0071BFA4 /* testGit */,
				186C95A929BDEF8C0071BFA4 /* testGitTests */,
				186C95B329BDEF8C0071BFA4 /* testGitUITests */,
			);
		};
/* End PBXProject section */

/* Begin PBXResourcesBuildPhase section */
		186C959229BDEF8B0071BFA4 /* Resources */ = {
			isa = PBXResourcesBuildPhase;
			buildActionMask = 2147483647;
			files = (
				186C95A429BDEF8C0071BFA4 /* LaunchScreen.storyboard in Resources */,
				186C95A129BDEF8C0071BFA4 /* Assets.xcassets in Resources */,
				186C959F29BDEF8B0071BFA4 /* Main.storyboard in Resources */,
			);
			runOnlyForDeploymentPostprocessing = 0;
		};
		186C95A829BDEF8C0071BFA4 /* Resources */ = {
			isa = PBXResourcesBuildPhase;
			buildActionMask = 2147483647;
			files = (
			);
			runOnlyForDeploymentPostprocessing = 0;
		};
		186C95B229BDEF8C0071BFA4 /* Resources */ = {
			isa = PBXResourcesBuildPhase;
			buildActionMask = 2147483647;
			files = (
			);
			runOnlyForDeploymentPostprocessing = 0;
		};
/* End PBXResourcesBuildPhase section */

/* Begin PBXSourcesBuildPhase section */
		186C959029BDEF8B0071BFA4 /* Sources */ = {
			isa = PBXSourcesBuildPhase;
			buildActionMask = 2147483647;
			files = (
				186C959C29BDEF8B0071BFA4 /* ViewController.swift in Sources */,
				186C959829BDEF8B0071BFA4 /* AppDelegate.swift in Sources */,
				186C959A29BDEF8B0071BFA4 /* SceneDelegate.swift in Sources */,
			);
			runOnlyForDeploymentPostprocessing = 0;
		};
		186C95A629BDEF8C0071BFA4 /* Sources */ = {
			isa = PBXSourcesBuildPhase;
			buildActionMask = 2147483647;
			files = (
				186C95AF29BDEF8C0071BFA4 /* testGitTests.swift in Sources */,
			);
			runOnlyForDeploymentPostprocessing = 0;
		};
		186C95B029BDEF8C0071BFA4 /* Sources */ = {
			isa = PBXSourcesBuildPhase;
			buildActionMask = 2147483647;
			files = (
				186C95B929BDEF8C0071BFA4 /* testGitUITests.swift in Sources */,
				186C95BB29BDEF8C0071BFA4 /* testGitUITestsLaunchTests.swift in Sources */,
			);
			runOnlyForDeploymentPostprocessing = 0;
		};
/* End PBXSourcesBuildPhase section */

/* Begin PBXTargetDependency section */
		186C95AC29BDEF8C0071BFA4 /* PBXTargetDependency */ = {
			isa = PBXTargetDependency;
			target = 186C959329BDEF8B0071BFA4 /* testGit */;
			targetProxy = 186C95AB29BDEF8C0071BFA4 /* PBXContainerItemProxy */;
		};
		186C95B629BDEF8C0071BFA4 /* PBXTargetDependency */ = {
			isa = PBXTargetDependency;
			target = 186C959329BDEF8B0071BFA4 /* testGit */;
			targetProxy = 186C95B529BDEF8C0071BFA4 /* PBXContainerItemProxy */;
		};
/* End PBXTargetDependency section */

/* Begin PBXVariantGroup section */
		186C959D29BDEF8B0071BFA4 /* Main.storyboard */ = {
			isa = PBXVariantGroup;
			children = (
				186C959E29BDEF8B0071BFA4 /* Base */,
			);
			name = Main.storyboard;
			sourceTree = "<group>";
		};
		186C95A229BDEF8C0071BFA4 /* LaunchScreen.storyboard */ = {
			isa = PBXVariantGroup;
			children = (
				186C95A329BDEF8C0071BFA4 /* Base */,
			);
			name = LaunchScreen.storyboard;
			sourceTree = "<group>";
		};
/* End PBXVariantGroup section */

/* Begin XCBuildConfiguration section */
		186C95BC29BDEF8C0071BFA4 /* Debug */ = {
			isa = XCBuildConfiguration;
			buildSettings = {
				ALWAYS_SEARCH_USER_PATHS = NO;
				CLANG_ANALYZER_NONNULL = YES;
				CLANG_ANALYZER_NUMBER_OBJECT_CONVERSION = YES_AGGRESSIVE;
				CLANG_CXX_LANGUAGE_STANDARD = "gnu++20";
				CLANG_ENABLE_MODULES = YES;
				CLANG_ENABLE_OBJC_ARC = YES;
				CLANG_ENABLE_OBJC_WEAK = YES;
				CLANG_WARN_BLOCK_CAPTURE_AUTORELEASING = YES;
				CLANG_WARN_BOOL_CONVERSION = YES;
				CLANG_WARN_COMMA = YES;
				CLANG_WARN_CONSTANT_CONVERSION = YES;
				CLANG_WARN_DEPRECATED_OBJC_IMPLEMENTATIONS = YES;
				CLANG_WARN_DIRECT_OBJC_ISA_USAGE = YES_ERROR;
				CLANG_WARN_DOCUMENTATION_COMMENTS = YES;
				CLANG_WARN_EMPTY_BODY = YES;
				CLANG_WARN_ENUM_CONVERSION = YES;
				CLANG_WARN_INFINITE_RECURSION = YES;
				CLANG_WARN_INT_CONVERSION = YES;
				CLANG_WARN_NON_LITERAL_NULL_CONVERSION = YES;
				CLANG_WARN_OBJC_IMPLICIT_RETAIN_SELF = YES;
				CLANG_WARN_OBJC_LITERAL_CONVERSION = YES;
				CLANG_WARN_OBJC_ROOT_CLASS = YES_ERROR;
				CLANG_WARN_QUOTED_INCLUDE_IN_FRAMEWORK_HEADER = YES;
				CLANG_WARN_RANGE_LOOP_ANALYSIS = YES;
				CLANG_WARN_STRICT_PROTOTYPES = YES;
				CLANG_WARN_SUSPICIOUS_MOVE = YES;
				CLANG_WARN_UNGUARDED_AVAILABILITY = YES_AGGRESSIVE;
				CLANG_WARN_UNREACHABLE_CODE = YES;
				CLANG_WARN__DUPLICATE_METHOD_MATCH = YES;
				COPY_PHASE_STRIP = NO;
				DEBUG_INFORMATION_FORMAT = dwarf;
				ENABLE_STRICT_OBJC_MSGSEND = YES;
				ENABLE_TESTABILITY = YES;
				GCC_C_LANGUAGE_STANDARD = gnu11;
				GCC_DYNAMIC_NO_PIC = NO;
				GCC_NO_COMMON_BLOCKS = YES;
				GCC_OPTIMIZATION_LEVEL = 0;
				GCC_PREPROCESSOR_DEFINITIONS = (
					"DEBUG=1",
					"$(inherited)",
				);
				GCC_WARN_64_TO_32_BIT_CONVERSION = YES;
				GCC_WARN_ABOUT_RETURN_TYPE = YES_ERROR;
				GCC_WARN_UNDECLARED_SELECTOR = YES;
				GCC_WARN_UNINITIALIZED_AUTOS = YES_AGGRESSIVE;
				GCC_WARN_UNUSED_FUNCTION = YES;
				GCC_WARN_UNUSED_VARIABLE = YES;
				IPHONEOS_DEPLOYMENT_TARGET = 16.2;
				MTL_ENABLE_DEBUG_INFO = INCLUDE_SOURCE;
				MTL_FAST_MATH = YES;
				ONLY_ACTIVE_ARCH = YES;
				SDKROOT = iphoneos;
				SWIFT_ACTIVE_COMPILATION_CONDITIONS = DEBUG;
				SWIFT_OPTIMIZATION_LEVEL = "-Onone";
			};
			name = Debug;
		};
		186C95BD29BDEF8C0071BFA4 /* Release */ = {
			isa = XCBuildConfiguration;
			buildSettings = {
				ALWAYS_SEARCH_USER_PATHS = NO;
				CLANG_ANALYZER_NONNULL = YES;
				CLANG_ANALYZER_NUMBER_OBJECT_CONVERSION = YES_AGGRESSIVE;
				CLANG_CXX_LANGUAGE_STANDARD = "gnu++20";
				CLANG_ENABLE_MODULES = YES;
				CLANG_ENABLE_OBJC_ARC = YES;
				CLANG_ENABLE_OBJC_WEAK = YES;
				CLANG_WARN_BLOCK_CAPTURE_AUTORELEASING = YES;
				CLANG_WARN_BOOL_CONVERSION = YES;
				CLANG_WARN_COMMA = YES;
				CLANG_WARN_CONSTANT_CONVERSION = YES;
				CLANG_WARN_DEPRECATED_OBJC_IMPLEMENTATIONS = YES;
				CLANG_WARN_DIRECT_OBJC_ISA_USAGE = YES_ERROR;
				CLANG_WARN_DOCUMENTATION_COMMENTS = YES;
				CLANG_WARN_EMPTY_BODY = YES;
				CLANG_WARN_ENUM_CONVERSION = YES;
				CLANG_WARN_INFINITE_RECURSION = YES;
				CLANG_WARN_INT_CONVERSION = YES;
				CLANG_WARN_NON_LITERAL_NULL_CONVERSION = YES;
				CLANG_WARN_OBJC_IMPLICIT_RETAIN_SELF = YES;
				CLANG_WARN_OBJC_LITERAL_CONVERSION = YES;
				CLANG_WARN_OBJC_ROOT_CLASS = YES_ERROR;
				CLANG_WARN_QUOTED_INCLUDE_IN_FRAMEWORK_HEADER = YES;
				CLANG_WARN_RANGE_LOOP_ANALYSIS = YES;
				CLANG_WARN_STRICT_PROTOTYPES = YES;
				CLANG_WARN_SUSPICIOUS_MOVE = YES;
				CLANG_WARN_UNGUARDED_AVAILABILITY = YES_AGGRESSIVE;
				CLANG_WARN_UNREACHABLE_CODE = YES;
				CLANG_WARN__DUPLICATE_METHOD_MATCH = YES;
				COPY_PHASE_STRIP = NO;
				DEBUG_INFORMATION_FORMAT = "dwarf-with-dsym";
				ENABLE_NS_ASSERTIONS = NO;
				ENABLE_STRICT_OBJC_MSGSEND = YES;
				GCC_C_LANGUAGE_STANDARD = gnu11;
				GCC_NO_COMMON_BLOCKS = YES;
				GCC_WARN_64_TO_32_BIT_CONVERSION = YES;
				GCC_WARN_ABOUT_RETURN_TYPE = YES_ERROR;
				GCC_WARN_UNDECLARED_SELECTOR = YES;
				GCC_WARN_UNINITIALIZED_AUTOS = YES_AGGRESSIVE;
				GCC_WARN_UNUSED_FUNCTION = YES;
				GCC_WARN_UNUSED_VARIABLE = YES;
				IPHONEOS_DEPLOYMENT_TARGET = 16.2;
				MTL_ENABLE_DEBUG_INFO = NO;
				MTL_FAST_MATH = YES;
				SDKROOT = iphoneos;
				SWIFT_COMPILATION_MODE = wholemodule;
				SWIFT_OPTIMIZATION_LEVEL = "-O";
				VALIDATE_PRODUCT = YES;
			};
			name = Release;
		};
		186C95BF29BDEF8C0071BFA4 /* Debug */ = {
			isa = XCBuildConfiguration;
			buildSettings = {
				ASSETCATALOG_COMPILER_APPICON_NAME = AppIcon;
				ASSETCATALOG_COMPILER_GLOBAL_ACCENT_COLOR_NAME = AccentColor;
				CODE_SIGN_STYLE = Automatic;
				CURRENT_PROJECT_VERSION = 1;
				DEVELOPMENT_TEAM = RWC5K36D88;
				GENERATE_INFOPLIST_FILE = YES;
				INFOPLIST_FILE = testGit/Info.plist;
				INFOPLIST_KEY_UIApplicationSupportsIndirectInputEvents = YES;
				INFOPLIST_KEY_UILaunchStoryboardName = LaunchScreen;
				INFOPLIST_KEY_UIMainStoryboardFile = Main;
				INFOPLIST_KEY_UISupportedInterfaceOrientations_iPad = "UIInterfaceOrientationPortrait UIInterfaceOrientationPortraitUpsideDown UIInterfaceOrientationLandscapeLeft UIInterfaceOrientationLandscapeRight";
				INFOPLIST_KEY_UISupportedInterfaceOrientations_iPhone = "UIInterfaceOrientationPortrait UIInterfaceOrientationLandscapeLeft UIInterfaceOrientationLandscapeRight";
				LD_RUNPATH_SEARCH_PATHS = (
					"$(inherited)",
					"@executable_path/Frameworks",
				);
				MARKETING_VERSION = 1.0;
				PRODUCT_BUNDLE_IDENTIFIER = "-23.testGit";
				PRODUCT_NAME = "$(TARGET_NAME)";
				SWIFT_EMIT_LOC_STRINGS = YES;
				SWIFT_VERSION = 5.0;
				TARGETED_DEVICE_FAMILY = "1,2";
			};
			name = Debug;
		};
		186C95C029BDEF8C0071BFA4 /* Release */ = {
			isa = XCBuildConfiguration;
			buildSettings = {
				ASSETCATALOG_COMPILER_APPICON_NAME = AppIcon;
				ASSETCATALOG_COMPILER_GLOBAL_ACCENT_COLOR_NAME = AccentColor;
				CODE_SIGN_STYLE = Automatic;
				CURRENT_PROJECT_VERSION = 1;
				DEVELOPMENT_TEAM = RWC5K36D88;
				GENERATE_INFOPLIST_FILE = YES;
				INFOPLIST_FILE = testGit/Info.plist;
				INFOPLIST_KEY_UIApplicationSupportsIndirectInputEvents = YES;
				INFOPLIST_KEY_UILaunchStoryboardName = LaunchScreen;
				INFOPLIST_KEY_UIMainStoryboardFile = Main;
				INFOPLIST_KEY_UISupportedInterfaceOrientations_iPad = "UIInterfaceOrientationPortrait UIInterfaceOrientationPortraitUpsideDown UIInterfaceOrientationLandscapeLeft UIInterfaceOrientationLandscapeRight";
				INFOPLIST_KEY_UISupportedInterfaceOrientations_iPhone = "UIInterfaceOrientationPortrait UIInterfaceOrientationLandscapeLeft UIInterfaceOrientationLandscapeRight";
				LD_RUNPATH_SEARCH_PATHS = (
					"$(inherited)",
					"@executable_path/Frameworks",
				);
				MARKETING_VERSION = 1.0;
				PRODUCT_BUNDLE_IDENTIFIER = "-23.testGit";
				PRODUCT_NAME = "$(TARGET_NAME)";
				SWIFT_EMIT_LOC_STRINGS = YES;
				SWIFT_VERSION = 5.0;
				TARGETED_DEVICE_FAMILY = "1,2";
			};
			name = Release;
		};
		186C95C229BDEF8C0071BFA4 /* Debug */ = {
			isa = XCBuildConfiguration;
			buildSettings = {
				ALWAYS_EMBED_SWIFT_STANDARD_LIBRARIES = YES;
				BUNDLE_LOADER = "$(TEST_HOST)";
				CODE_SIGN_STYLE = Automatic;
				CURRENT_PROJECT_VERSION = 1;
				DEVELOPMENT_TEAM = RWC5K36D88;
				GENERATE_INFOPLIST_FILE = YES;
				IPHONEOS_DEPLOYMENT_TARGET = 16.2;
				MARKETING_VERSION = 1.0;
				PRODUCT_BUNDLE_IDENTIFIER = "-23.testGitTests";
				PRODUCT_NAME = "$(TARGET_NAME)";
				SWIFT_EMIT_LOC_STRINGS = NO;
				SWIFT_VERSION = 5.0;
				TARGETED_DEVICE_FAMILY = "1,2";
				TEST_HOST = "$(BUILT_PRODUCTS_DIR)/testGit.app/$(BUNDLE_EXECUTABLE_FOLDER_PATH)/testGit";
			};
			name = Debug;
		};
		186C95C329BDEF8C0071BFA4 /* Release */ = {
			isa = XCBuildConfiguration;
			buildSettings = {
				ALWAYS_EMBED_SWIFT_STANDARD_LIBRARIES = YES;
				BUNDLE_LOADER = "$(TEST_HOST)";
				CODE_SIGN_STYLE = Automatic;
				CURRENT_PROJECT_VERSION = 1;
				DEVELOPMENT_TEAM = RWC5K36D88;
				GENERATE_INFOPLIST_FILE = YES;
				IPHONEOS_DEPLOYMENT_TARGET = 16.2;
				MARKETING_VERSION = 1.0;
				PRODUCT_BUNDLE_IDENTIFIER = "-23.testGitTests";
				PRODUCT_NAME = "$(TARGET_NAME)";
				SWIFT_EMIT_LOC_STRINGS = NO;
				SWIFT_VERSION = 5.0;
				TARGETED_DEVICE_FAMILY = "1,2";
				TEST_HOST = "$(BUILT_PRODUCTS_DIR)/testGit.app/$(BUNDLE_EXECUTABLE_FOLDER_PATH)/testGit";
			};
			name = Release;
		};
		186C95C529BDEF8C0071BFA4 /* Debug */ = {
			isa = XCBuildConfiguration;
			buildSettings = {
				ALWAYS_EMBED_SWIFT_STANDARD_LIBRARIES = YES;
				CODE_SIGN_STYLE = Automatic;
				CURRENT_PROJECT_VERSION = 1;
				DEVELOPMENT_TEAM = RWC5K36D88;
				GENERATE_INFOPLIST_FILE = YES;
				MARKETING_VERSION = 1.0;
				PRODUCT_BUNDLE_IDENTIFIER = "-23.testGitUITests";
				PRODUCT_NAME = "$(TARGET_NAME)";
				SWIFT_EMIT_LOC_STRINGS = NO;
				SWIFT_VERSION = 5.0;
				TARGETED_DEVICE_FAMILY = "1,2";
				TEST_TARGET_NAME = testGit;
			};
			name = Debug;
		};
		186C95C629BDEF8C0071BFA4 /* Release */ = {
			isa = XCBuildConfiguration;
			buildSettings = {
				ALWAYS_EMBED_SWIFT_STANDARD_LIBRARIES = YES;
				CODE_SIGN_STYLE = Automatic;
				CURRENT_PROJECT_VERSION = 1;
				DEVELOPMENT_TEAM = RWC5K36D88;
				GENERATE_INFOPLIST_FILE = YES;
				MARKETING_VERSION = 1.0;
				PRODUCT_BUNDLE_IDENTIFIER = "-23.testGitUITests";
				PRODUCT_NAME = "$(TARGET_NAME)";
				SWIFT_EMIT_LOC_STRINGS = NO;
				SWIFT_VERSION = 5.0;
				TARGETED_DEVICE_FAMILY = "1,2";
				TEST_TARGET_NAME = testGit;
			};
			name = Release;
		};
/* End XCBuildConfiguration section */

/* Begin XCConfigurationList section */
		186C958F29BDEF8B0071BFA4 /* Build configuration list for PBXProject "testGit" */ = {
			isa = XCConfigurationList;
			buildConfigurations = (
				186C95BC29BDEF8C0071BFA4 /* Debug */,
				186C95BD29BDEF8C0071BFA4 /* Release */,
			);
			defaultConfigurationIsVisible = 0;
			defaultConfigurationName = Release;
		};
		186C95BE29BDEF8C0071BFA4 /* Build configuration list for PBXNativeTarget "testGit" */ = {
			isa = XCConfigurationList;
			buildConfigurations = (
				186C95BF29BDEF8C0071BFA4 /* Debug */,
				186C95C029BDEF8C0071BFA4 /* Release */,
			);
			defaultConfigurationIsVisible = 0;
			defaultConfigurationName = Release;
		};
		186C95C129BDEF8C0071BFA4 /* Build configuration list for PBXNativeTarget "testGitTests" */ = {
			isa = XCConfigurationList;
			buildConfigurations = (
				186C95C229BDEF8C0071BFA4 /* Debug */,
				186C95C329BDEF8C0071BFA4 /* Release */,
			);
			defaultConfigurationIsVisible = 0;
			defaultConfigurationName = Release;
		};
		186C95C429BDEF8C0071BFA4 /* Build configuration list for PBXNativeTarget "testGitUITests" */ = {
			isa = XCConfigurationList;
			buildConfigurations = (
				186C95C529BDEF8C0071BFA4 /* Debug */,
				186C95C629BDEF8C0071BFA4 /* Release */,
			);
			defaultConfigurationIsVisible = 0;
			defaultConfigurationName = Release;
		};
/* End XCConfigurationList section */
	};
	rootObject = 186C958C29BDEF8B0071BFA4 /* Project object */;
}
